
Microsoft Visual Studio Solution File, Format Version 12.00
# Visual Studio Version 16
VisualStudioVersion = 16.0.30804.86
MinimumVisualStudioVersion = 10.0.40219.1
Project("{FAE04EC0-301F-11D3-BF4B-00C04F79EFBC}") = "lab8.2", "lab8.2.csproj", "{0C9B24F0-CC7C-463C-8A2F-D0E4607EA381}"
EndProject
Global
	GlobalSection(SolutionConfigurationPlatforms) = preSolution
		Debug|Any CPU = Debug|Any CPU
		Release|Any CPU = Release|Any CPU
	EndGlobalSection
	GlobalSection(ProjectConfigurationPlatforms) = postSolution
		{0C9B24F0-CC7C-463C-8A2F-D0E4607EA381}.Debug|Any CPU.ActiveCfg = Debug|Any CPU
		{0C9B24F0-CC7C-463C-8A2F-D0E4607EA381}.Debug|Any CPU.Build.0 = Debug|Any CPU
		{0C9B24F0-CC7C-463C-8A2F-D0E4607EA381}.Release|Any CPU.ActiveCfg = Release|Any CPU
		{0C9B24F0-CC7C-463C-8A2F-D0E4607EA381}.Release|Any CPU.Build.0 = Release|Any CPU
	EndGlobalSection
	GlobalSection(SolutionProperties) = preSolution
		HideSolutionNode = FALSE
	EndGlobalSection
	GlobalSection(ExtensibilityGlobals) = postSolution
		SolutionGuid = {810F50DF-6191-4B2B-976B-F5CCC5E4E803}
	EndGlobalSection
EndGlobal
