
Microsoft Visual Studio Solution File, Format Version 12.00
# Visual Studio Version 16
VisualStudioVersion = 16.0.30804.86
MinimumVisualStudioVersion = 10.0.40219.1
Project("{FAE04EC0-301F-11D3-BF4B-00C04F79EFBC}") = "lab5.1", "lab5.1.csproj", "{BA8A0B2D-E72A-4C5C-92FA-D7BF338B405E}"
EndProject
Global
	GlobalSection(SolutionConfigurationPlatforms) = preSolution
		Debug|Any CPU = Debug|Any CPU
		Release|Any CPU = Release|Any CPU
	EndGlobalSection
	GlobalSection(ProjectConfigurationPlatforms) = postSolution
		{BA8A0B2D-E72A-4C5C-92FA-D7BF338B405E}.Debug|Any CPU.ActiveCfg = Debug|Any CPU
		{BA8A0B2D-E72A-4C5C-92FA-D7BF338B405E}.Debug|Any CPU.Build.0 = Debug|Any CPU
		{BA8A0B2D-E72A-4C5C-92FA-D7BF338B405E}.Release|Any CPU.ActiveCfg = Release|Any CPU
		{BA8A0B2D-E72A-4C5C-92FA-D7BF338B405E}.Release|Any CPU.Build.0 = Release|Any CPU
	EndGlobalSection
	GlobalSection(SolutionProperties) = preSolution
		HideSolutionNode = FALSE
	EndGlobalSection
	GlobalSection(ExtensibilityGlobals) = postSolution
		SolutionGuid = {12F5E979-C80E-4C17-B55C-D0B8DCCB8C98}
	EndGlobalSection
EndGlobal
