
Microsoft Visual Studio Solution File, Format Version 12.00
# Visual Studio Version 16
VisualStudioVersion = 16.0.30804.86
MinimumVisualStudioVersion = 10.0.40219.1
Project("{FAE04EC0-301F-11D3-BF4B-00C04F79EFBC}") = "lab12.2", "lab12.2.csproj", "{DFDD1761-47C7-4A4E-AF85-C16097DBC9E4}"
EndProject
Global
	GlobalSection(SolutionConfigurationPlatforms) = preSolution
		Debug|Any CPU = Debug|Any CPU
		Release|Any CPU = Release|Any CPU
	EndGlobalSection
	GlobalSection(ProjectConfigurationPlatforms) = postSolution
		{DFDD1761-47C7-4A4E-AF85-C16097DBC9E4}.Debug|Any CPU.ActiveCfg = Debug|Any CPU
		{DFDD1761-47C7-4A4E-AF85-C16097DBC9E4}.Debug|Any CPU.Build.0 = Debug|Any CPU
		{DFDD1761-47C7-4A4E-AF85-C16097DBC9E4}.Release|Any CPU.ActiveCfg = Release|Any CPU
		{DFDD1761-47C7-4A4E-AF85-C16097DBC9E4}.Release|Any CPU.Build.0 = Release|Any CPU
	EndGlobalSection
	GlobalSection(SolutionProperties) = preSolution
		HideSolutionNode = FALSE
	EndGlobalSection
	GlobalSection(ExtensibilityGlobals) = postSolution
		SolutionGuid = {FCB54802-9DDA-4AE8-A05D-A164AA8F3C87}
	EndGlobalSection
EndGlobal
