
Microsoft Visual Studio Solution File, Format Version 12.00
# Visual Studio Version 16
VisualStudioVersion = 16.0.30804.86
MinimumVisualStudioVersion = 10.0.40219.1
Project("{FAE04EC0-301F-11D3-BF4B-00C04F79EFBC}") = "lab6.3", "lab6.3.csproj", "{A490C886-34FF-4B5D-8323-93FBFD8C6FAB}"
EndProject
Global
	GlobalSection(SolutionConfigurationPlatforms) = preSolution
		Debug|Any CPU = Debug|Any CPU
		Release|Any CPU = Release|Any CPU
	EndGlobalSection
	GlobalSection(ProjectConfigurationPlatforms) = postSolution
		{A490C886-34FF-4B5D-8323-93FBFD8C6FAB}.Debug|Any CPU.ActiveCfg = Debug|Any CPU
		{A490C886-34FF-4B5D-8323-93FBFD8C6FAB}.Debug|Any CPU.Build.0 = Debug|Any CPU
		{A490C886-34FF-4B5D-8323-93FBFD8C6FAB}.Release|Any CPU.ActiveCfg = Release|Any CPU
		{A490C886-34FF-4B5D-8323-93FBFD8C6FAB}.Release|Any CPU.Build.0 = Release|Any CPU
	EndGlobalSection
	GlobalSection(SolutionProperties) = preSolution
		HideSolutionNode = FALSE
	EndGlobalSection
	GlobalSection(ExtensibilityGlobals) = postSolution
		SolutionGuid = {3C926568-ABCE-4027-812C-933018DA918A}
	EndGlobalSection
EndGlobal
